
Microsoft Visual Studio Solution File, Format Version 12.00
# Visual Studio Version 17
VisualStudioVersion = 17.6.33829.357
MinimumVisualStudioVersion = 10.0.40219.1
Project("{FAE04EC0-301F-11D3-BF4B-00C04F79EFBC}") = "FinalHomework", "FinalHomework.csproj", "{84A56976-82E6-407B-BB1C-E508D81653C9}"
EndProject
Global
	GlobalSection(SolutionConfigurationPlatforms) = preSolution
		Debug|Any CPU = Debug|Any CPU
		Release|Any CPU = Release|Any CPU
	EndGlobalSection
	GlobalSection(ProjectConfigurationPlatforms) = postSolution
		{84A56976-82E6-407B-BB1C-E508D81653C9}.Debug|Any CPU.ActiveCfg = Debug|Any CPU
		{84A56976-82E6-407B-BB1C-E508D81653C9}.Debug|Any CPU.Build.0 = Debug|Any CPU
		{84A56976-82E6-407B-BB1C-E508D81653C9}.Release|Any CPU.ActiveCfg = Release|Any CPU
		{84A56976-82E6-407B-BB1C-E508D81653C9}.Release|Any CPU.Build.0 = Release|Any CPU
	EndGlobalSection
	GlobalSection(SolutionProperties) = preSolution
		HideSolutionNode = FALSE
	EndGlobalSection
	GlobalSection(ExtensibilityGlobals) = postSolution
		SolutionGuid = {62BB59A2-F280-4BAC-B38D-E843A7898AC6}
	EndGlobalSection
EndGlobal
